<?xml version="1.0" encoding="utf-8"?>
<Project ToolsVersion="4.0" xmlns="http://schemas.microsoft.com/developer/msbuild/2003">
  <ItemGroup>
    <Filter Include="소스 파일">
      <UniqueIdentifier>{4FC737F1-C7A5-4376-A066-2A32D752A2FF}</UniqueIdentifier>
      <Extensions>cpp;c;cc;cxx;c++;def;odl;idl;hpj;bat;asm;asmx</Extensions>
    </Filter>
    <Filter Include="헤더 파일">
      <UniqueIdentifier>{93995380-89BD-4b04-88EB-625FBE52EBFB}</UniqueIdentifier>
      <Extensions>h;hh;hpp;hxx;h++;hm;inl;inc;ipp;xsd</Extensions>
    </Filter>
    <Filter Include="리소스 파일">
      <UniqueIdentifier>{67DA6AB6-F800-4c08-8B7A-83BB121AAD01}</UniqueIdentifier>
      <Extensions>rc;ico;cur;bmp;dlg;rc2;rct;bin;rgs;gif;jpg;jpeg;jpe;resx;tiff;tif;png;wav;mfcribbon-ms</Extensions>
    </Filter>
    <Filter Include="Replication">
      <UniqueIdentifier>{be0b6f51-4c3f-48d8-81fc-d873ac0e757e}</UniqueIdentifier>
    </Filter>
    <Filter Include="Property">
      <UniqueIdentifier>{bc1d8354-a432-4df3-9f89-101b2a9fa828}</UniqueIdentifier>
    </Filter>
  </ItemGroup>
  <ItemGroup>
    <ClInclude Include="SharedPool.h">
      <Filter>헤더 파일</Filter>
    </ClInclude>
    <ClInclude Include="Common.h">
      <Filter>헤더 파일</Filter>
    </ClInclude>
    <ClInclude Include="Runnable.h">
      <Filter>헤더 파일</Filter>
    </ClInclude>
    <ClInclude Include="ConnectEnviorment.h">
      <Filter>Replication</Filter>
    </ClInclude>
    <ClInclude Include="Connection.h">
      <Filter>Replication</Filter>
    </ClInclude>
    <ClInclude Include="TypeDefine.h">
      <Filter>Replication</Filter>
    </ClInclude>
    <ClInclude Include="Command.h">
      <Filter>Replication</Filter>
    </ClInclude>
    <ClInclude Include="ConnectionPool.h">
      <Filter>Replication</Filter>
    </ClInclude>
    <ClInclude Include="MultipleCallbackProperty.h">
      <Filter>Property</Filter>
    </ClInclude>
    <ClInclude Include="Property.h">
      <Filter>Property</Filter>
    </ClInclude>
    <ClInclude Include="ReplicationImpl.h">
      <Filter>Replication</Filter>
    </ClInclude>
    <ClInclude Include="ReplicationManager.h">
      <Filter>Replication</Filter>
    </ClInclude>
    <ClInclude Include="TypeTraits.h">
      <Filter>헤더 파일</Filter>
    </ClInclude>
    <ClInclude Include="PublishProperty.h">
      <Filter>Replication</Filter>
    </ClInclude>
    <ClInclude Include="SubscribeProperty.h">
      <Filter>Replication</Filter>
    </ClInclude>
  </ItemGroup>
  <ItemGroup>
    <ClCompile Include="Connection.cpp">
      <Filter>Replication</Filter>
    </ClCompile>
    <ClCompile Include="Command.cpp">
      <Filter>Replication</Filter>
    </ClCompile>
    <ClCompile Include="ReplicationManager.cpp">
      <Filter>Replication</Filter>
    </ClCompile>
  </ItemGroup>
</Project>